
Microsoft Visual Studio Solution File, Format Version 12.00
# Visual Studio 15
VisualStudioVersion = 15.0.28307.271
MinimumVisualStudioVersion = 10.0.40219.1
Project("{FAE04EC0-301F-11D3-BF4B-00C04F79EFBC}") = "IMAGE28BitText", "IMAGE28BitText\IMAGE28BitText.csproj", "{5234570D-80F0-4CD9-98D2-DF83BDAFD45B}"
EndProject
Global
	GlobalSection(SolutionConfigurationPlatforms) = preSolution
		Debug|Any CPU = Debug|Any CPU
		Release|Any CPU = Release|Any CPU
	EndGlobalSection
	GlobalSection(ProjectConfigurationPlatforms) = postSolution
		{5234570D-80F0-4CD9-98D2-DF83BDAFD45B}.Debug|Any CPU.ActiveCfg = Debug|Any CPU
		{5234570D-80F0-4CD9-98D2-DF83BDAFD45B}.Debug|Any CPU.Build.0 = Debug|Any CPU
		{5234570D-80F0-4CD9-98D2-DF83BDAFD45B}.Release|Any CPU.ActiveCfg = Release|Any CPU
		{5234570D-80F0-4CD9-98D2-DF83BDAFD45B}.Release|Any CPU.Build.0 = Release|Any CPU
	EndGlobalSection
	GlobalSection(SolutionProperties) = preSolution
		HideSolutionNode = FALSE
	EndGlobalSection
	GlobalSection(ExtensibilityGlobals) = postSolution
		SolutionGuid = {F28C81F2-22E5-4499-8E14-7ABDEA290BE1}
	EndGlobalSection
EndGlobal
